// !$*UTF8*$!
{
	archiveVersion = 1;
	classes = {
	};
	objectVersion = 46;
	objects = {

/* Begin PBXBuildFile section */
		A18DFCA519B23A02007E85D8 /* Foundation.framework in Frameworks */ = {isa = PBXBuildFile; fileRef = A18DFCA419B23A02007E85D8 /* Foundation.framework */; };
		A18DFCA719B23A02007E85D8 /* CoreGraphics.framework in Frameworks */ = {isa = PBXBuildFile; fileRef = A18DFCA619B23A02007E85D8 /* CoreGraphics.framework */; };
		A18DFCA919B23A02007E85D8 /* UIKit.framework in Frameworks */ = {isa = PBXBuildFile; fileRef = A18DFCA819B23A02007E85D8 /* UIKit.framework */; };
		A18DFCAF19B23A02007E85D8 /* InfoPlist.strings in Resources */ = {isa = PBXBuildFile; fileRef = A18DFCAD19B23A02007E85D8 /* InfoPlist.strings */; };
		A18DFCB119B23A02007E85D8 /* main.m in Sources */ = {isa = PBXBuildFile; fileRef = A18DFCB019B23A02007E85D8 /* main.m */; };
		A18DFCB519B23A02007E85D8 /* ACAppDelegate.m in Sources */ = {isa = PBXBuildFile; fileRef = A18DFCB419B23A02007E85D8 /* ACAppDelegate.m */; };
		A18DFCB819B23A02007E85D8 /* Main.storyboard in Resources */ = {isa = PBXBuildFile; fileRef = A18DFCB619B23A02007E85D8 /* Main.storyboard */; };
		A18DFCBB19B23A02007E85D8 /* ACViewController.m in Sources */ = {isa = PBXBuildFile; fileRef = A18DFCBA19B23A02007E85D8 /* ACViewController.m */; };
		A18DFCBD19B23A02007E85D8 /* Images.xcassets in Resources */ = {isa = PBXBuildFile; fileRef = A18DFCBC19B23A02007E85D8 /* Images.xcassets */; };
		A18DFCC419B23A02007E85D8 /* XCTest.framework in Frameworks */ = {isa = PBXBuildFile; fileRef = A18DFCC319B23A02007E85D8 /* XCTest.framework */; };
		A18DFCC519B23A02007E85D8 /* Foundation.framework in Frameworks */ = {isa = PBXBuildFile; fileRef = A18DFCA419B23A02007E85D8 /* Foundation.framework */; };
		A18DFCC619B23A02007E85D8 /* UIKit.framework in Frameworks */ = {isa = PBXBuildFile; fileRef = A18DFCA819B23A02007E85D8 /* UIKit.framework */; };
		A18DFCCE19B23A02007E85D8 /* InfoPlist.strings in Resources */ = {isa = PBXBuildFile; fileRef = A18DFCCC19B23A02007E85D8 /* InfoPlist.strings */; };
		A18DFCD019B23A02007E85D8 /* GitTestTests.m in Sources */ = {isa = PBXBuildFile; fileRef = A18DFCCF19B23A02007E85D8 /* GitTestTests.m */; };
		A18DFCDB19B23F25007E85D8 /* ACTest.m in Sources */ = {isa = PBXBuildFile; fileRef = A18DFCDA19B23F25007E85D8 /* ACTest.m */; };
/* End PBXBuildFile section */

/* Begin PBXContainerItemProxy section */
		A18DFCC719B23A02007E85D8 /* PBXContainerItemProxy */ = {
			isa = PBXContainerItemProxy;
			containerPortal = A18DFC9919B23A02007E85D8 /* Project object */;
			proxyType = 1;
			remoteGlobalIDString = A18DFCA019B23A02007E85D8;
			remoteInfo = GitTest;
		};
/* End PBXContainerItemProxy section */

/* Begin PBXFileReference section */
		A18DFCA119B23A02007E85D8 /* GitTest.app */ = {isa = PBXFileReference; explicitFileType = wrapper.application; includeInIndex = 0; path = GitTest.app; sourceTree = BUILT_PRODUCTS_DIR; };
		A18DFCA419B23A02007E85D8 /* Foundation.framework */ = {isa = PBXFileReference; lastKnownFileType = wrapper.framework; name = Foundation.framework; path = System/Library/Frameworks/Foundation.framework; sourceTree = SDKROOT; };
		A18DFCA619B23A02007E85D8 /* CoreGraphics.framework */ = {isa = PBXFileReference; lastKnownFileType = wrapper.framework; name = CoreGraphics.framework; path = System/Library/Frameworks/CoreGraphics.framework; sourceTree = SDKROOT; };
		A18DFCA819B23A02007E85D8 /* UIKit.framework */ = {isa = PBXFileReference; lastKnownFileType = wrapper.framework; name = UIKit.framework; path = System/Library/Frameworks/UIKit.framework; sourceTree = SDKROOT; };
		A18DFCAC19B23A02007E85D8 /* GitTest-Info.plist */ = {isa = PBXFileReference; lastKnownFileType = text.plist.xml; path = "GitTest-Info.plist"; sourceTree = "<group>"; };
		A18DFCAE19B23A02007E85D8 /* en */ = {isa = PBXFileReference; lastKnownFileType = text.plist.strings; name = en; path = en.lproj/InfoPlist.strings; sourceTree = "<group>"; };
		A18DFCB019B23A02007E85D8 /* main.m */ = {isa = PBXFileReference; lastKnownFileType = sourcecode.c.objc; path = main.m; sourceTree = "<group>"; };
		A18DFCB219B23A02007E85D8 /* GitTest-Prefix.pch */ = {isa = PBXFileReference; lastKnownFileType = sourcecode.c.h; path = "GitTest-Prefix.pch"; sourceTree = "<group>"; };
		A18DFCB319B23A02007E85D8 /* ACAppDelegate.h */ = {isa = PBXFileReference; lastKnownFileType = sourcecode.c.h; path = ACAppDelegate.h; sourceTree = "<group>"; };
		A18DFCB419B23A02007E85D8 /* ACAppDelegate.m */ = {isa = PBXFileReference; lastKnownFileType = sourcecode.c.objc; path = ACAppDelegate.m; sourceTree = "<group>"; };
		A18DFCB719B23A02007E85D8 /* Base */ = {isa = PBXFileReference; lastKnownFileType = file.storyboard; name = Base; path = Base.lproj/Main.storyboard; sourceTree = "<group>"; };
		A18DFCB919B23A02007E85D8 /* ACViewController.h */ = {isa = PBXFileReference; lastKnownFileType = sourcecode.c.h; path = ACViewController.h; sourceTree = "<group>"; };
		A18DFCBA19B23A02007E85D8 /* ACViewController.m */ = {isa = PBXFileReference; lastKnownFileType = sourcecode.c.objc; path = ACViewController.m; sourceTree = "<group>"; };
		A18DFCBC19B23A02007E85D8 /* Images.xcassets */ = {isa = PBXFileReference; lastKnownFileType = folder.assetcatalog; path = Images.xcassets; sourceTree = "<group>"; };
		A18DFCC219B23A02007E85D8 /* GitTestTests.xctest */ = {isa = PBXFileReference; explicitFileType = wrapper.cfbundle; includeInIndex = 0; path = GitTestTests.xctest; sourceTree = BUILT_PRODUCTS_DIR; };
		A18DFCC319B23A02007E85D8 /* XCTest.framework */ = {isa = PBXFileReference; lastKnownFileType = wrapper.framework; name = XCTest.framework; path = Library/Frameworks/XCTest.framework; sourceTree = DEVELOPER_DIR; };
		A18DFCCB19B23A02007E85D8 /* GitTestTests-Info.plist */ = {isa = PBXFileReference; lastKnownFileType = text.plist.xml; path = "GitTestTests-Info.plist"; sourceTree = "<group>"; };
		A18DFCCD19B23A02007E85D8 /* en */ = {isa = PBXFileReference; lastKnownFileType = text.plist.strings; name = en; path = en.lproj/InfoPlist.strings; sourceTree = "<group>"; };
		A18DFCCF19B23A02007E85D8 /* GitTestTests.m */ = {isa = PBXFileReference; lastKnownFileType = sourcecode.c.objc; path = GitTestTests.m; sourceTree = "<group>"; };
		A18DFCD919B23F25007E85D8 /* ACTest.h */ = {isa = PBXFileReference; fileEncoding = 4; lastKnownFileType = sourcecode.c.h; path = ACTest.h; sourceTree = "<group>"; };
		A18DFCDA19B23F25007E85D8 /* ACTest.m */ = {isa = PBXFileReference; fileEncoding = 4; lastKnownFileType = sourcecode.c.objc; path = ACTest.m; sourceTree = "<group>"; };
/* End PBXFileReference section */

/* Begin PBXFrameworksBuildPhase section */
		A18DFC9E19B23A02007E85D8 /* Frameworks */ = {
			isa = PBXFrameworksBuildPhase;
			buildActionMask = 2147483647;
			files = (
				A18DFCA719B23A02007E85D8 /* CoreGraphics.framework in Frameworks */,
				A18DFCA919B23A02007E85D8 /* UIKit.framework in Frameworks */,
				A18DFCA519B23A02007E85D8 /* Foundation.framework in Frameworks */,
			);
			runOnlyForDeploymentPostprocessing = 0;
		};
		A18DFCBF19B23A02007E85D8 /* Frameworks */ = {
			isa = PBXFrameworksBuildPhase;
			buildActionMask = 2147483647;
			files = (
				A18DFCC419B23A02007E85D8 /* XCTest.framework in Frameworks */,
				A18DFCC619B23A02007E85D8 /* UIKit.framework in Frameworks */,
				A18DFCC519B23A02007E85D8 /* Foundation.framework in Frameworks */,
			);
			runOnlyForDeploymentPostprocessing = 0;
		};
/* End PBXFrameworksBuildPhase section */

/* Begin PBXGroup section */
		A18DFC9819B23A02007E85D8 = {
			isa = PBXGroup;
			children = (
				A18DFCD919B23F25007E85D8 /* ACTest.h */,
				A18DFCDA19B23F25007E85D8 /* ACTest.m */,
				A18DFCAA19B23A02007E85D8 /* GitTest */,
				A18DFCC919B23A02007E85D8 /* GitTestTests */,
				A18DFCA319B23A02007E85D8 /* Frameworks */,
				A18DFCA219B23A02007E85D8 /* Products */,
			);
			sourceTree = "<group>";
		};
		A18DFCA219B23A02007E85D8 /* Products */ = {
			isa = PBXGroup;
			children = (
				A18DFCA119B23A02007E85D8 /* GitTest.app */,
				A18DFCC219B23A02007E85D8 /* GitTestTests.xctest */,
			);
			name = Products;
			sourceTree = "<group>";
		};
		A18DFCA319B23A02007E85D8 /* Frameworks */ = {
			isa = PBXGroup;
			children = (
				A18DFCA419B23A02007E85D8 /* Foundation.framework */,
				A18DFCA619B23A02007E85D8 /* CoreGraphics.framework */,
				A18DFCA819B23A02007E85D8 /* UIKit.framework */,
				A18DFCC319B23A02007E85D8 /* XCTest.framework */,
			);
			name = Frameworks;
			sourceTree = "<group>";
		};
		A18DFCAA19B23A02007E85D8 /* GitTest */ = {
			isa = PBXGroup;
			children = (
				A18DFCB319B23A02007E85D8 /* ACAppDelegate.h */,
				A18DFCB419B23A02007E85D8 /* ACAppDelegate.m */,
				A18DFCB619B23A02007E85D8 /* Main.storyboard */,
				A18DFCB919B23A02007E85D8 /* ACViewController.h */,
				A18DFCBA19B23A02007E85D8 /* ACViewController.m */,
				A18DFCBC19B23A02007E85D8 /* Images.xcassets */,
				A18DFCAB19B23A02007E85D8 /* Supporting Files */,
			);
			path = GitTest;
			sourceTree = "<group>";
		};
		A18DFCAB19B23A02007E85D8 /* Supporting Files */ = {
			isa = PBXGroup;
			children = (
				A18DFCAC19B23A02007E85D8 /* GitTest-Info.plist */,
				A18DFCAD19B23A02007E85D8 /* InfoPlist.strings */,
				A18DFCB019B23A02007E85D8 /* main.m */,
				A18DFCB219B23A02007E85D8 /* GitTest-Prefix.pch */,
			);
			name = "Supporting Files";
			sourceTree = "<group>";
		};
		A18DFCC919B23A02007E85D8 /* GitTestTests */ = {
			isa = PBXGroup;
			children = (
				A18DFCCF19B23A02007E85D8 /* GitTestTests.m */,
				A18DFCCA19B23A02007E85D8 /* Supporting Files */,
			);
			path = GitTestTests;
			sourceTree = "<group>";
		};
		A18DFCCA19B23A02007E85D8 /* Supporting Files */ = {
			isa = PBXGroup;
			children = (
				A18DFCCB19B23A02007E85D8 /* GitTestTests-Info.plist */,
				A18DFCCC19B23A02007E85D8 /* InfoPlist.strings */,
			);
			name = "Supporting Files";
			sourceTree = "<group>";
		};
/* End PBXGroup section */

/* Begin PBXNativeTarget section */
		A18DFCA019B23A02007E85D8 /* GitTest */ = {
			isa = PBXNativeTarget;
			buildConfigurationList = A18DFCD319B23A02007E85D8 /* Build configuration list for PBXNativeTarget "GitTest" */;
			buildPhases = (
				A18DFC9D19B23A02007E85D8 /* Sources */,
				A18DFC9E19B23A02007E85D8 /* Frameworks */,
				A18DFC9F19B23A02007E85D8 /* Resources */,
			);
			buildRules = (
			);
			dependencies = (
			);
			name = GitTest;
			productName = GitTest;
			productReference = A18DFCA119B23A02007E85D8 /* GitTest.app */;
			productType = "com.apple.product-type.application";
		};
		A18DFCC119B23A02007E85D8 /* GitTestTests */ = {
			isa = PBXNativeTarget;
			buildConfigurationList = A18DFCD619B23A02007E85D8 /* Build configuration list for PBXNativeTarget "GitTestTests" */;
			buildPhases = (
				A18DFCBE19B23A02007E85D8 /* Sources */,
				A18DFCBF19B23A02007E85D8 /* Frameworks */,
				A18DFCC019B23A02007E85D8 /* Resources */,
			);
			buildRules = (
			);
			dependencies = (
				A18DFCC819B23A02007E85D8 /* PBXTargetDependency */,
			);
			name = GitTestTests;
			productName = GitTestTests;
			productReference = A18DFCC219B23A02007E85D8 /* GitTestTests.xctest */;
			productType = "com.apple.product-type.bundle.unit-test";
		};
/* End PBXNativeTarget section */

/* Begin PBXProject section */
		A18DFC9919B23A02007E85D8 /* Project object */ = {
			isa = PBXProject;
			attributes = {
				CLASSPREFIX = AC;
				LastUpgradeCheck = 0510;
				ORGANIZATIONNAME = "Andrew Carmichael";
				TargetAttributes = {
					A18DFCC119B23A02007E85D8 = {
						TestTargetID = A18DFCA019B23A02007E85D8;
					};
				};
			};
			buildConfigurationList = A18DFC9C19B23A02007E85D8 /* Build configuration list for PBXProject "GitTest" */;
			compatibilityVersion = "Xcode 3.2";
			developmentRegion = English;
			hasScannedForEncodings = 0;
			knownRegions = (
				en,
				Base,
			);
			mainGroup = A18DFC9819B23A02007E85D8;
			productRefGroup = A18DFCA219B23A02007E85D8 /* Products */;
			projectDirPath = "";
			projectRoot = "";
			targets = (
				A18DFCA019B23A02007E85D8 /* GitTest */,
				A18DFCC119B23A02007E85D8 /* GitTestTests */,
			);
		};
/* End PBXProject section */

/* Begin PBXResourcesBuildPhase section */
		A18DFC9F19B23A02007E85D8 /* Resources */ = {
			isa = PBXResourcesBuildPhase;
			buildActionMask = 2147483647;
			files = (
				A18DFCBD19B23A02007E85D8 /* Images.xcassets in Resources */,
				A18DFCAF19B23A02007E85D8 /* InfoPlist.strings in Resources */,
				A18DFCB819B23A02007E85D8 /* Main.storyboard in Resources */,
			);
			runOnlyForDeploymentPostprocessing = 0;
		};
		A18DFCC019B23A02007E85D8 /* Resources */ = {
			isa = PBXResourcesBuildPhase;
			buildActionMask = 2147483647;
			files = (
				A18DFCCE19B23A02007E85D8 /* InfoPlist.strings in Resources */,
			);
			runOnlyForDeploymentPostprocessing = 0;
		};
/* End PBXResourcesBuildPhase section */

/* Begin PBXSourcesBuildPhase section */
		A18DFC9D19B23A02007E85D8 /* Sources */ = {
			isa = PBXSourcesBuildPhase;
			buildActionMask = 2147483647;
			files = (
				A18DFCB519B23A02007E85D8 /* ACAppDelegate.m in Sources */,
				A18DFCBB19B23A02007E85D8 /* ACViewController.m in Sources */,
				A18DFCB119B23A02007E85D8 /* main.m in Sources */,
				A18DFCDB19B23F25007E85D8 /* ACTest.m in Sources */,
			);
			runOnlyForDeploymentPostprocessing = 0;
		};
		A18DFCBE19B23A02007E85D8 /* Sources */ = {
			isa = PBXSourcesBuildPhase;
			buildActionMask = 2147483647;
			files = (
				A18DFCD019B23A02007E85D8 /* GitTestTests.m in Sources */,
			);
			runOnlyForDeploymentPostprocessing = 0;
		};
/* End PBXSourcesBuildPhase section */

/* Begin PBXTargetDependency section */
		A18DFCC819B23A02007E85D8 /* PBXTargetDependency */ = {
			isa = PBXTargetDependency;
			target = A18DFCA019B23A02007E85D8 /* GitTest */;
			targetProxy = A18DFCC719B23A02007E85D8 /* PBXContainerItemProxy */;
		};
/* End PBXTargetDependency section */

/* Begin PBXVariantGroup section */
		A18DFCAD19B23A02007E85D8 /* InfoPlist.strings */ = {
			isa = PBXVariantGroup;
			children = (
				A18DFCAE19B23A02007E85D8 /* en */,
			);
			name = InfoPlist.strings;
			sourceTree = "<group>";
		};
		A18DFCB619B23A02007E85D8 /* Main.storyboard */ = {
			isa = PBXVariantGroup;
			children = (
				A18DFCB719B23A02007E85D8 /* Base */,
			);
			name = Main.storyboard;
			sourceTree = "<group>";
		};
		A18DFCCC19B23A02007E85D8 /* InfoPlist.strings */ = {
			isa = PBXVariantGroup;
			children = (
				A18DFCCD19B23A02007E85D8 /* en */,
			);
			name = InfoPlist.strings;
			sourceTree = "<group>";
		};
/* End PBXVariantGroup section */

/* Begin XCBuildConfiguration section */
		A18DFCD119B23A02007E85D8 /* Debug */ = {
			isa = XCBuildConfiguration;
			buildSettings = {
				ALWAYS_SEARCH_USER_PATHS = NO;
				CLANG_CXX_LANGUAGE_STANDARD = "gnu++0x";
				CLANG_CXX_LIBRARY = "libc++";
				CLANG_ENABLE_MODULES = YES;
				CLANG_ENABLE_OBJC_ARC = YES;
				CLANG_WARN_BOOL_CONVERSION = YES;
				CLANG_WARN_CONSTANT_CONVERSION = YES;
				CLANG_WARN_DIRECT_OBJC_ISA_USAGE = YES_ERROR;
				CLANG_WARN_EMPTY_BODY = YES;
				CLANG_WARN_ENUM_CONVERSION = YES;
				CLANG_WARN_INT_CONVERSION = YES;
				CLANG_WARN_OBJC_ROOT_CLASS = YES_ERROR;
				CLANG_WARN__DUPLICATE_METHOD_MATCH = YES;
				"CODE_SIGN_IDENTITY[sdk=iphoneos*]" = "iPhone Developer";
				COPY_PHASE_STRIP = NO;
				GCC_C_LANGUAGE_STANDARD = gnu99;
				GCC_DYNAMIC_NO_PIC = NO;
				GCC_OPTIMIZATION_LEVEL = 0;
				GCC_PREPROCESSOR_DEFINITIONS = (
					"DEBUG=1",
					"$(inherited)",
				);
				GCC_SYMBOLS_PRIVATE_EXTERN = NO;
				GCC_WARN_64_TO_32_BIT_CONVERSION = YES;
				GCC_WARN_ABOUT_RETURN_TYPE = YES_ERROR;
				GCC_WARN_UNDECLARED_SELECTOR = YES;
				GCC_WARN_UNINITIALIZED_AUTOS = YES_AGGRESSIVE;
				GCC_WARN_UNUSED_FUNCTION = YES;
				GCC_WARN_UNUSED_VARIABLE = YES;
				IPHONEOS_DEPLOYMENT_TARGET = 7.1;
				ONLY_ACTIVE_ARCH = YES;
				SDKROOT = iphoneos;
			};
			name = Debug;
		};
		A18DFCD219B23A02007E85D8 /* Release */ = {
			isa = XCBuildConfiguration;
			buildSettings = {
				ALWAYS_SEARCH_USER_PATHS = NO;
				CLANG_CXX_LANGUAGE_STANDARD = "gnu++0x";
				CLANG_CXX_LIBRARY = "libc++";
				CLANG_ENABLE_MODULES = YES;
				CLANG_ENABLE_OBJC_ARC = YES;
				CLANG_WARN_BOOL_CONVERSION = YES;
				CLANG_WARN_CONSTANT_CONVERSION = YES;
				CLANG_WARN_DIRECT_OBJC_ISA_USAGE = YES_ERROR;
				CLANG_WARN_EMPTY_BODY = YES;
				CLANG_WARN_ENUM_CONVERSION = YES;
				CLANG_WARN_INT_CONVERSION = YES;
				CLANG_WARN_OBJC_ROOT_CLASS = YES_ERROR;
				CLANG_WARN__DUPLICATE_METHOD_MATCH = YES;
				"CODE_SIGN_IDENTITY[sdk=iphoneos*]" = "iPhone Developer";
				COPY_PHASE_STRIP = YES;
				ENABLE_NS_ASSERTIONS = NO;
				GCC_C_LANGUAGE_STANDARD = gnu99;
				GCC_WARN_64_TO_32_BIT_CONVERSION = YES;
				GCC_WARN_ABOUT_RETURN_TYPE = YES_ERROR;
				GCC_WARN_UNDECLARED_SELECTOR = YES;
				GCC_WARN_UNINITIALIZED_AUTOS = YES_AGGRESSIVE;
				GCC_WARN_UNUSED_FUNCTION = YES;
				GCC_WARN_UNUSED_VARIABLE = YES;
				IPHONEOS_DEPLOYMENT_TARGET = 7.1;
				SDKROOT = iphoneos;
				VALIDATE_PRODUCT = YES;
			};
			name = Release;
		};
		A18DFCD419B23A02007E85D8 /* Debug */ = {
			isa = XCBuildConfiguration;
			buildSettings = {
				ASSETCATALOG_COMPILER_APPICON_NAME = AppIcon;
				ASSETCATALOG_COMPILER_LAUNCHIMAGE_NAME = LaunchImage;
				GCC_PRECOMPILE_PREFIX_HEADER = YES;
				GCC_PREFIX_HEADER = "GitTest/GitTest-Prefix.pch";
				INFOPLIST_FILE = "GitTest/GitTest-Info.plist";
				PRODUCT_NAME = "$(TARGET_NAME)";
				WRAPPER_EXTENSION = app;
			};
			name = Debug;
		};
		A18DFCD519B23A02007E85D8 /* Release */ = {
			isa = XCBuildConfiguration;
			buildSettings = {
				ASSETCATALOG_COMPILER_APPICON_NAME = AppIcon;
				ASSETCATALOG_COMPILER_LAUNCHIMAGE_NAME = LaunchImage;
				GCC_PRECOMPILE_PREFIX_HEADER = YES;
				GCC_PREFIX_HEADER = "GitTest/GitTest-Prefix.pch";
				INFOPLIST_FILE = "GitTest/GitTest-Info.plist";
				PRODUCT_NAME = "$(TARGET_NAME)";
				WRAPPER_EXTENSION = app;
			};
			name = Release;
		};
		A18DFCD719B23A02007E85D8 /* Debug */ = {
			isa = XCBuildConfiguration;
			buildSettings = {
				BUNDLE_LOADER = "$(BUILT_PRODUCTS_DIR)/GitTest.app/GitTest";
				FRAMEWORK_SEARCH_PATHS = (
					"$(SDKROOT)/Developer/Library/Frameworks",
					"$(inherited)",
					"$(DEVELOPER_FRAMEWORKS_DIR)",
				);
				GCC_PRECOMPILE_PREFIX_HEADER = YES;
				GCC_PREFIX_HEADER = "GitTest/GitTest-Prefix.pch";
				GCC_PREPROCESSOR_DEFINITIONS = (
					"DEBUG=1",
					"$(inherited)",
				);
				INFOPLIST_FILE = "GitTestTests/GitTestTests-Info.plist";
				PRODUCT_NAME = "$(TARGET_NAME)";
				TEST_HOST = "$(BUNDLE_LOADER)";
				WRAPPER_EXTENSION = xctest;
			};
			name = Debug;
		};
		A18DFCD819B23A02007E85D8 /* Release */ = {
			isa = XCBuildConfiguration;
			buildSettings = {
				BUNDLE_LOADER = "$(BUILT_PRODUCTS_DIR)/GitTest.app/GitTest";
				FRAMEWORK_SEARCH_PATHS = (
					"$(SDKROOT)/Developer/Library/Frameworks",
					"$(inherited)",
					"$(DEVELOPER_FRAMEWORKS_DIR)",
				);
				GCC_PRECOMPILE_PREFIX_HEADER = YES;
				GCC_PREFIX_HEADER = "GitTest/GitTest-Prefix.pch";
				INFOPLIST_FILE = "GitTestTests/GitTestTests-Info.plist";
				PRODUCT_NAME = "$(TARGET_NAME)";
				TEST_HOST = "$(BUNDLE_LOADER)";
				WRAPPER_EXTENSION = xctest;
			};
			name = Release;
		};
/* End XCBuildConfiguration section */

/* Begin XCConfigurationList section */
		A18DFC9C19B23A02007E85D8 /* Build configuration list for PBXProject "GitTest" */ = {
			isa = XCConfigurationList;
			buildConfigurations = (
				A18DFCD119B23A02007E85D8 /* Debug */,
				A18DFCD219B23A02007E85D8 /* Release */,
			);
			defaultConfigurationIsVisible = 0;
			defaultConfigurationName = Release;
		};
		A18DFCD319B23A02007E85D8 /* Build configuration list for PBXNativeTarget "GitTest" */ = {
			isa = XCConfigurationList;
			buildConfigurations = (
				A18DFCD419B23A02007E85D8 /* Debug */,
				A18DFCD519B23A02007E85D8 /* Release */,
			);
			defaultConfigurationIsVisible = 0;
		};
		A18DFCD619B23A02007E85D8 /* Build configuration list for PBXNativeTarget "GitTestTests" */ = {
			isa = XCConfigurationList;
			buildConfigurations = (
				A18DFCD719B23A02007E85D8 /* Debug */,
				A18DFCD819B23A02007E85D8 /* Release */,
			);
			defaultConfigurationIsVisible = 0;
		};
/* End XCConfigurationList section */
	};
	rootObject = A18DFC9919B23A02007E85D8 /* Project object */;
}
